
Microsoft Visual Studio Solution File, Format Version 12.00
# Visual Studio Version 17
VisualStudioVersion = 17.5.33530.505
MinimumVisualStudioVersion = 10.0.40219.1
Project("{FAE04EC0-301F-11D3-BF4B-00C04F79EFBC}") = "M001", "M001\M001.csproj", "{42B34AB9-3334-4302-AF4D-125741EFDCCF}"
EndProject
Project("{FAE04EC0-301F-11D3-BF4B-00C04F79EFBC}") = "M002", "M002\M002.csproj", "{990F1772-AD1E-4EEC-BFC9-C2A0D2499D0B}"
EndProject
Global
	GlobalSection(SolutionConfigurationPlatforms) = preSolution
		Debug|Any CPU = Debug|Any CPU
		Release|Any CPU = Release|Any CPU
	EndGlobalSection
	GlobalSection(ProjectConfigurationPlatforms) = postSolution
		{42B34AB9-3334-4302-AF4D-125741EFDCCF}.Debug|Any CPU.ActiveCfg = Debug|Any CPU
		{42B34AB9-3334-4302-AF4D-125741EFDCCF}.Debug|Any CPU.Build.0 = Debug|Any CPU
		{42B34AB9-3334-4302-AF4D-125741EFDCCF}.Release|Any CPU.ActiveCfg = Release|Any CPU
		{42B34AB9-3334-4302-AF4D-125741EFDCCF}.Release|Any CPU.Build.0 = Release|Any CPU
		{990F1772-AD1E-4EEC-BFC9-C2A0D2499D0B}.Debug|Any CPU.ActiveCfg = Debug|Any CPU
		{990F1772-AD1E-4EEC-BFC9-C2A0D2499D0B}.Debug|Any CPU.Build.0 = Debug|Any CPU
		{990F1772-AD1E-4EEC-BFC9-C2A0D2499D0B}.Release|Any CPU.ActiveCfg = Release|Any CPU
		{990F1772-AD1E-4EEC-BFC9-C2A0D2499D0B}.Release|Any CPU.Build.0 = Release|Any CPU
	EndGlobalSection
	GlobalSection(SolutionProperties) = preSolution
		HideSolutionNode = FALSE
	EndGlobalSection
	GlobalSection(ExtensibilityGlobals) = postSolution
		SolutionGuid = {14469B08-A077-4B75-B8EC-333DBF0CE543}
	EndGlobalSection
EndGlobal
