
Microsoft Visual Studio Solution File, Format Version 12.00
# Visual Studio Version 17
VisualStudioVersion = 17.5.33530.505
MinimumVisualStudioVersion = 10.0.40219.1
Project("{9A19103F-16F7-4668-BE54-9A1E7A4F7556}") = "M001", "M001\M001.csproj", "{42B34AB9-3334-4302-AF4D-125741EFDCCF}"
EndProject
Project("{9A19103F-16F7-4668-BE54-9A1E7A4F7556}") = "M002", "M002\M002.csproj", "{990F1772-AD1E-4EEC-BFC9-C2A0D2499D0B}"
EndProject
Project("{9A19103F-16F7-4668-BE54-9A1E7A4F7556}") = "M003", "M003\M003.csproj", "{1D56A00A-01B0-4BFF-A7D5-60FB2EF2DF84}"
EndProject
Project("{9A19103F-16F7-4668-BE54-9A1E7A4F7556}") = "M004", "M004\M004.csproj", "{BE80B335-DAC8-4807-B216-26985694F94D}"
EndProject
Project("{9A19103F-16F7-4668-BE54-9A1E7A4F7556}") = "M005", "M005\M005.csproj", "{2726EC7D-9432-436E-B894-052A96A56D11}"
EndProject
Project("{9A19103F-16F7-4668-BE54-9A1E7A4F7556}") = "M006", "M006\M006.csproj", "{436ADC23-C801-48CE-8DEE-273ED1C2713D}"
EndProject
Project("{9A19103F-16F7-4668-BE54-9A1E7A4F7556}") = "M007", "M007\M007.csproj", "{C290910D-78D3-4A10-A615-2C7DED947D01}"
EndProject
Project("{9A19103F-16F7-4668-BE54-9A1E7A4F7556}") = "M008", "M008\M008.csproj", "{F8AD1434-C12D-4247-9608-D6EDAD5E4507}"
EndProject
Project("{9A19103F-16F7-4668-BE54-9A1E7A4F7556}") = "M009", "M009\M009.csproj", "{A2633B59-3913-42BC-A3A6-1F282EDECDB9}"
EndProject
Project("{FAE04EC0-301F-11D3-BF4B-00C04F79EFBC}") = "M010", "M010\M010.csproj", "{2614336D-F472-476E-9DBF-E647716E3006}"
EndProject
Global
	GlobalSection(SolutionConfigurationPlatforms) = preSolution
		Debug|Any CPU = Debug|Any CPU
		Release|Any CPU = Release|Any CPU
	EndGlobalSection
	GlobalSection(ProjectConfigurationPlatforms) = postSolution
		{42B34AB9-3334-4302-AF4D-125741EFDCCF}.Debug|Any CPU.ActiveCfg = Debug|Any CPU
		{42B34AB9-3334-4302-AF4D-125741EFDCCF}.Debug|Any CPU.Build.0 = Debug|Any CPU
		{42B34AB9-3334-4302-AF4D-125741EFDCCF}.Release|Any CPU.ActiveCfg = Release|Any CPU
		{42B34AB9-3334-4302-AF4D-125741EFDCCF}.Release|Any CPU.Build.0 = Release|Any CPU
		{990F1772-AD1E-4EEC-BFC9-C2A0D2499D0B}.Debug|Any CPU.ActiveCfg = Debug|Any CPU
		{990F1772-AD1E-4EEC-BFC9-C2A0D2499D0B}.Debug|Any CPU.Build.0 = Debug|Any CPU
		{990F1772-AD1E-4EEC-BFC9-C2A0D2499D0B}.Release|Any CPU.ActiveCfg = Release|Any CPU
		{990F1772-AD1E-4EEC-BFC9-C2A0D2499D0B}.Release|Any CPU.Build.0 = Release|Any CPU
		{1D56A00A-01B0-4BFF-A7D5-60FB2EF2DF84}.Debug|Any CPU.ActiveCfg = Debug|Any CPU
		{1D56A00A-01B0-4BFF-A7D5-60FB2EF2DF84}.Debug|Any CPU.Build.0 = Debug|Any CPU
		{1D56A00A-01B0-4BFF-A7D5-60FB2EF2DF84}.Release|Any CPU.ActiveCfg = Release|Any CPU
		{1D56A00A-01B0-4BFF-A7D5-60FB2EF2DF84}.Release|Any CPU.Build.0 = Release|Any CPU
		{BE80B335-DAC8-4807-B216-26985694F94D}.Debug|Any CPU.ActiveCfg = Debug|Any CPU
		{BE80B335-DAC8-4807-B216-26985694F94D}.Debug|Any CPU.Build.0 = Debug|Any CPU
		{BE80B335-DAC8-4807-B216-26985694F94D}.Release|Any CPU.ActiveCfg = Release|Any CPU
		{BE80B335-DAC8-4807-B216-26985694F94D}.Release|Any CPU.Build.0 = Release|Any CPU
		{2726EC7D-9432-436E-B894-052A96A56D11}.Debug|Any CPU.ActiveCfg = Debug|Any CPU
		{2726EC7D-9432-436E-B894-052A96A56D11}.Debug|Any CPU.Build.0 = Debug|Any CPU
		{2726EC7D-9432-436E-B894-052A96A56D11}.Release|Any CPU.ActiveCfg = Release|Any CPU
		{2726EC7D-9432-436E-B894-052A96A56D11}.Release|Any CPU.Build.0 = Release|Any CPU
		{436ADC23-C801-48CE-8DEE-273ED1C2713D}.Debug|Any CPU.ActiveCfg = Debug|Any CPU
		{436ADC23-C801-48CE-8DEE-273ED1C2713D}.Debug|Any CPU.Build.0 = Debug|Any CPU
		{436ADC23-C801-48CE-8DEE-273ED1C2713D}.Release|Any CPU.ActiveCfg = Release|Any CPU
		{436ADC23-C801-48CE-8DEE-273ED1C2713D}.Release|Any CPU.Build.0 = Release|Any CPU
		{C290910D-78D3-4A10-A615-2C7DED947D01}.Debug|Any CPU.ActiveCfg = Debug|Any CPU
		{C290910D-78D3-4A10-A615-2C7DED947D01}.Debug|Any CPU.Build.0 = Debug|Any CPU
		{C290910D-78D3-4A10-A615-2C7DED947D01}.Release|Any CPU.ActiveCfg = Release|Any CPU
		{C290910D-78D3-4A10-A615-2C7DED947D01}.Release|Any CPU.Build.0 = Release|Any CPU
		{F8AD1434-C12D-4247-9608-D6EDAD5E4507}.Debug|Any CPU.ActiveCfg = Debug|Any CPU
		{F8AD1434-C12D-4247-9608-D6EDAD5E4507}.Debug|Any CPU.Build.0 = Debug|Any CPU
		{F8AD1434-C12D-4247-9608-D6EDAD5E4507}.Release|Any CPU.ActiveCfg = Release|Any CPU
		{F8AD1434-C12D-4247-9608-D6EDAD5E4507}.Release|Any CPU.Build.0 = Release|Any CPU
		{A2633B59-3913-42BC-A3A6-1F282EDECDB9}.Debug|Any CPU.ActiveCfg = Debug|Any CPU
		{A2633B59-3913-42BC-A3A6-1F282EDECDB9}.Debug|Any CPU.Build.0 = Debug|Any CPU
		{A2633B59-3913-42BC-A3A6-1F282EDECDB9}.Release|Any CPU.ActiveCfg = Release|Any CPU
		{A2633B59-3913-42BC-A3A6-1F282EDECDB9}.Release|Any CPU.Build.0 = Release|Any CPU
		{2614336D-F472-476E-9DBF-E647716E3006}.Debug|Any CPU.ActiveCfg = Debug|Any CPU
		{2614336D-F472-476E-9DBF-E647716E3006}.Debug|Any CPU.Build.0 = Debug|Any CPU
		{2614336D-F472-476E-9DBF-E647716E3006}.Release|Any CPU.ActiveCfg = Release|Any CPU
		{2614336D-F472-476E-9DBF-E647716E3006}.Release|Any CPU.Build.0 = Release|Any CPU
	EndGlobalSection
	GlobalSection(SolutionProperties) = preSolution
		HideSolutionNode = FALSE
	EndGlobalSection
	GlobalSection(ExtensibilityGlobals) = postSolution
		SolutionGuid = {14469B08-A077-4B75-B8EC-333DBF0CE543}
	EndGlobalSection
EndGlobal
